github.com/Emeline-1/basic_graph v0.0.0-20210611132625-d54848e8e55c h1:3zZTf0BKWfvhK2WpKRU9+cnZW9fJAIuJI6hw4dg5tRo=
github.com/Emeline-1/basic_graph v0.0.0-20210611132625-d54848e8e55c/go.mod h1:QXPs6nADi5B7AwGY8Ec4Xs2RPR78VNZ9riYnGlZ+3fI=
github.com/Emeline-1/pool v0.0.0-20220127144255-c304e05923c9 h1:FL95QpPGE61ZFa98kGq7eDOh1oibfvVNoeHqCM2iKXM=
github.com/Emeline-1/pool v0.0.0-20220127144255-c304e05923c9/go.mod h1:l3hpvDdbbF07inYDoHG1IshmK844baqD3w6QmBXy1Yw=
github.com/Emeline-1/radix v0.0.0-20220131112142-14d9148ceab7 h1:ayNlUc0Ozc07QZ/UBmRTYUg9mhZh/uNW+IptnOFWDGU=
github.com/Emeline-1/radix v0.0.0-20220131112142-14d9148ceab7/go.mod h1:8WmPgfyfL0Vw/LmgP63eMKmXGQk2AQuZopmDAP8jF5E=
github.com/mattn/go-sqlite3 v1.14.11 h1:gt+cp9c0XGqe9S/wAHTL3n/7MqY+siPWgWJgqdsFrzQ=
github.com/mattn/go-sqlite3 v1.14.11/go.mod h1:NyWgC/yNuGj7Q9rpYnZvas74GogHl5/Z4A/KQRfk6bU=
